
Microsoft Visual Studio Solution File, Format Version 12.00
# Visual Studio 15
VisualStudioVersion = 15.0.27428.2043
MinimumVisualStudioVersion = 10.0.40219.1
Project("{FAE04EC0-301F-11D3-BF4B-00C04F79EFBC}") = "KendoMvcApp", "KendoMvcApp\KendoMvcApp.csproj", "{823F2240-A7E5-4CBA-BEE7-B561B1CF7B5D}"
EndProject
Global
	GlobalSection(SolutionConfigurationPlatforms) = preSolution
		Debug|Any CPU = Debug|Any CPU
		Release|Any CPU = Release|Any CPU
	EndGlobalSection
	GlobalSection(ProjectConfigurationPlatforms) = postSolution
		{823F2240-A7E5-4CBA-BEE7-B561B1CF7B5D}.Debug|Any CPU.ActiveCfg = Debug|Any CPU
		{823F2240-A7E5-4CBA-BEE7-B561B1CF7B5D}.Debug|Any CPU.Build.0 = Debug|Any CPU
		{823F2240-A7E5-4CBA-BEE7-B561B1CF7B5D}.Release|Any CPU.ActiveCfg = Release|Any CPU
		{823F2240-A7E5-4CBA-BEE7-B561B1CF7B5D}.Release|Any CPU.Build.0 = Release|Any CPU
	EndGlobalSection
	GlobalSection(SolutionProperties) = preSolution
		HideSolutionNode = FALSE
	EndGlobalSection
	GlobalSection(ExtensibilityGlobals) = postSolution
		SolutionGuid = {86012E6B-5068-479E-885A-390B39022E8D}
	EndGlobalSection
EndGlobal
